<?xml version="1.0" encoding="utf-8"?>
<Project ToolsVersion="4.0" xmlns="http://schemas.microsoft.com/developer/msbuild/2003">
  <ItemGroup>
    <ClInclude Include="include\ITracker.h">
      <Filter>Header Files</Filter>
    </ClInclude>
    <ClInclude Include="include\IView.h">
      <Filter>Header Files</Filter>
    </ClInclude>
    <ClInclude Include="include\IPose.h">
      <Filter>Header Files</Filter>
    </ClInclude>
    <ClInclude Include="include\ICallable.h">
      <Filter>Header Files</Filter>
    </ClInclude>
    <ClInclude Include="include\IArgs.h">
      <Filter>Header Files</Filter>
    </ClInclude>
    <ClInclude Include="include\IIPC.H">
      <Filter>Header Files</Filter>
    </ClInclude>
    <ClInclude Include="include\Position.h">
      <Filter>Header Files</Filter>
    </ClInclude>
    <ClInclude Include="include\Attitude.h">
      <Filter>Header Files</Filter>
    </ClInclude>
    <ClInclude Include="include\Template.h">
      <Filter>Header Files</Filter>
    </ClInclude>
    <ClInclude Include="include\ZmqIPC.h">
      <Filter>Header Files</Filter>
    </ClInclude>
    <ClInclude Include="include\Args.h">
      <Filter>Header Files</Filter>
    </ClInclude>
    <ClInclude Include="include\Callback.h">
      <Filter>Header Files</Filter>
    </ClInclude>
    <ClInclude Include="include\AppArgs.h">
      <Filter>Header Files</Filter>
    </ClInclude>
    <ClInclude Include="include\Singleton.h">
      <Filter>Header Files</Filter>
    </ClInclude>
    <ClInclude Include="include\ITrackerFactory.h">
      <Filter>Header Files</Filter>
    </ClInclude>
    <ClInclude Include="include\Synchronizable.h">
      <Filter>Header Files</Filter>
    </ClInclude>
    <ClInclude Include="include\TrackerBase.h">
      <Filter>Header Files</Filter>
    </ClInclude>
    <ClInclude Include="include\TrackerFactory.h">
      <Filter>Header Files</Filter>
    </ClInclude>
  </ItemGroup>
  <ItemGroup>
    <Filter Include="Header Files">
      <UniqueIdentifier>{6e48411f-5980-4956-a2b0-6459aeefc9d2}</UniqueIdentifier>
      <Extensions>h</Extensions>
    </Filter>
    <Filter Include="Source Files">
      <UniqueIdentifier>{d55a95d2-d953-47d5-b82a-4e1f9d9c887e}</UniqueIdentifier>
    </Filter>
  </ItemGroup>
  <ItemGroup>
    <ClCompile Include="src\ZmqIPC.cpp">
      <Filter>Source Files</Filter>
    </ClCompile>
  </ItemGroup>
</Project>