<?xml version="1.0" encoding="utf-8"?>
<Project ToolsVersion="4.0" xmlns="http://schemas.microsoft.com/developer/msbuild/2003">
  <ItemGroup>
    <ClInclude Include="include\ITracker.h">
      <Filter>Header Files</Filter>
    </ClInclude>
    <ClInclude Include="include\ITrackerFactory.h">
      <Filter>Header Files</Filter>
    </ClInclude>
    <ClInclude Include="include\IAvatar.h">
      <Filter>Header Files</Filter>
    </ClInclude>
    <ClInclude Include="include\IView.h">
      <Filter>Header Files</Filter>
    </ClInclude>
    <ClInclude Include="include\IPose.h">
      <Filter>Header Files</Filter>
    </ClInclude>
    <ClInclude Include="include\ICallable.h">
      <Filter>Header Files</Filter>
    </ClInclude>
    <ClInclude Include="include\IArgs.h">
      <Filter>Header Files</Filter>
    </ClInclude>
    <ClInclude Include="include\ISynchronizable.h">
      <Filter>Header Files</Filter>
    </ClInclude>
  </ItemGroup>
  <ItemGroup>
    <Filter Include="Header Files">
      <UniqueIdentifier>{6e48411f-5980-4956-a2b0-6459aeefc9d2}</UniqueIdentifier>
      <Extensions>h</Extensions>
    </Filter>
  </ItemGroup>
</Project>