<?xml version="1.0" encoding="utf-8"?>
<Project ToolsVersion="4.0" xmlns="http://schemas.microsoft.com/developer/msbuild/2003">
  <ItemGroup>
    <Filter Include="Source Files">
      <UniqueIdentifier>{4FC737F1-C7A5-4376-A066-2A32D752A2FF}</UniqueIdentifier>
      <Extensions>cpp;c;cc;cxx;def;odl;idl;hpj;bat;asm;asmx</Extensions>
    </Filter>
    <Filter Include="Header Files">
      <UniqueIdentifier>{93995380-89BD-4b04-88EB-625FBE52EBFB}</UniqueIdentifier>
      <Extensions>h;hpp;hxx;hm;inl;inc;xsd</Extensions>
    </Filter>
    <Filter Include="Resource Files">
      <UniqueIdentifier>{67DA6AB6-F800-4c08-8B7A-83BB121AAD01}</UniqueIdentifier>
      <Extensions>rc;ico;cur;bmp;dlg;rc2;rct;bin;rgs;gif;jpg;jpeg;jpe;resx;tiff;tif;png;wav;mfcribbon-ms</Extensions>
    </Filter>
  </ItemGroup>
  <ItemGroup>
    <ClInclude Include="include\eggavatar.h">
      <Filter>Header Files</Filter>
    </ClInclude>
    <ClInclude Include="include\KinectSensor.h">
      <Filter>Header Files</Filter>
    </ClInclude>
    <ClInclude Include="include\KinectTracker.h">
      <Filter>Header Files</Filter>
    </ClInclude>
    <ClInclude Include="include\Options.h">
      <Filter>Header Files</Filter>
    </ClInclude>
    <ClInclude Include="include\Resource.h">
      <Filter>Header Files</Filter>
    </ClInclude>
    <ClInclude Include="include\stdafx.h">
      <Filter>Header Files</Filter>
    </ClInclude>
    <ClInclude Include="include\Visualize.h">
      <Filter>Header Files</Filter>
    </ClInclude>
    <ClInclude Include="include\KinectFaceTracker.h">
      <Filter>Header Files</Filter>
    </ClInclude>
    <ClInclude Include="include\TrackerManager.h">
      <Filter>Header Files</Filter>
    </ClInclude>
    <ClInclude Include="include\TrackerException.h">
      <Filter>Header Files</Filter>
    </ClInclude>
    <ClInclude Include="include\TrackerPose.h">
      <Filter>Header Files</Filter>
    </ClInclude>
    <ClInclude Include="include\AvatarFace.h">
      <Filter>Header Files</Filter>
    </ClInclude>
    <ClInclude Include="include\MotionDetector.h">
      <Filter>Header Files</Filter>
    </ClInclude>
    <ClInclude Include="include\FTImageAdapter.h">
      <Filter>Header Files</Filter>
    </ClInclude>
    <ClInclude Include="include\TrackerHelper.h">
      <Filter>Header Files</Filter>
    </ClInclude>
    <ClInclude Include="include\KinectController.h">
      <Filter>Header Files</Filter>
    </ClInclude>
    <ClInclude Include="include\TrackerConfig.h">
      <Filter>Header Files</Filter>
    </ClInclude>
  </ItemGroup>
  <ItemGroup>
    <ClCompile Include="src\eggavatar.cpp">
      <Filter>Source Files</Filter>
    </ClCompile>
    <ClCompile Include="src\KinectSensor.cpp">
      <Filter>Source Files</Filter>
    </ClCompile>
    <ClCompile Include="src\stdafx.cpp">
      <Filter>Source Files</Filter>
    </ClCompile>
    <ClCompile Include="src\Visualize.cpp">
      <Filter>Source Files</Filter>
    </ClCompile>
    <ClCompile Include="src\KinectFaceTracker.cpp">
      <Filter>Source Files</Filter>
    </ClCompile>
    <ClCompile Include="src\TrackerManager.cpp">
      <Filter>Source Files</Filter>
    </ClCompile>
    <ClCompile Include="src\KinectTracker.cpp">
      <Filter>Source Files</Filter>
    </ClCompile>
    <ClCompile Include="src\KinectController.cpp">
      <Filter>Source Files</Filter>
    </ClCompile>
  </ItemGroup>
  <ItemGroup>
    <None Include="Resources\SingleFace.ico">
      <Filter>Resource Files</Filter>
    </None>
    <None Include="ClassDiagram1.cd" />
  </ItemGroup>
  <ItemGroup>
    <ResourceCompile Include="Resources\SingleFace.rc">
      <Filter>Resource Files</Filter>
    </ResourceCompile>
  </ItemGroup>
</Project>