<?xml version="1.0" encoding="utf-8"?>
<Project ToolsVersion="4.0" xmlns="http://schemas.microsoft.com/developer/msbuild/2003">
  <ItemGroup>
    <Filter Include="Source Files">
      <UniqueIdentifier>{DFE36E9A-CCD8-40F1-8F65-188C624620F2}</UniqueIdentifier>
    </Filter>
    <Filter Include="Header Files">
      <UniqueIdentifier>{a060d984-449f-4d65-8a4c-8619fdfc484e}</UniqueIdentifier>
      <Extensions>
      </Extensions>
    </Filter>
  </ItemGroup>
  <ItemGroup>
    <ClInclude Include="ViewerWidget.h">
      <Filter>Header Files</Filter>
    </ClInclude>
    <ClInclude Include="MultiViewerWidget.h">
      <Filter>Header Files</Filter>
    </ClInclude>
    <ClInclude Include="TrackerManipulator.h">
      <Filter>Header Files</Filter>
    </ClInclude>
    <ClInclude Include="SkyBox.h">
      <Filter>Header Files</Filter>
    </ClInclude>
    <ClInclude Include="SelectModelHandler.h">
      <Filter>Header Files</Filter>
    </ClInclude>
    <ClInclude Include="Grid.h">
      <Filter>Header Files</Filter>
    </ClInclude>
    <ClInclude Include="TwoDimManipulator.h">
      <Filter>Header Files</Filter>
    </ClInclude>
    <ClInclude Include="JoystickManipulator.h">
      <Filter>Header Files</Filter>
    </ClInclude>
    <ClInclude Include="DualScreenViewer.h">
      <Filter>Header Files</Filter>
    </ClInclude>
    <ClInclude Include="VirtualScreenCallback.h">
      <Filter>Header Files</Filter>
    </ClInclude>
    <ClInclude Include="HoloCameraView.h">
      <Filter>Header Files</Filter>
    </ClInclude>
    <ClInclude Include="MatrixExtension.h">
      <Filter>Header Files</Filter>
    </ClInclude>
    <ClInclude Include="HolographicTransform.h">
      <Filter>Header Files</Filter>
    </ClInclude>
    <ClInclude Include="UpdateScreenCallback.h">
      <Filter>Header Files</Filter>
    </ClInclude>
    <ClInclude Include="osgLib.h">
      <Filter>Header Files</Filter>
    </ClInclude>
    <ClInclude Include="ScreenInfo.h">
      <Filter>Header Files</Filter>
    </ClInclude>
    <ClInclude Include="ViewerArgs.h">
      <Filter>Header Files</Filter>
    </ClInclude>
    <ClInclude Include="DisplayInfo.h">
      <Filter>Header Files</Filter>
    </ClInclude>
    <ClInclude Include="ObliqueCamera.h">
      <Filter>Header Files</Filter>
    </ClInclude>
  </ItemGroup>
  <ItemGroup>
    <ClCompile Include="ViewerWidget.cpp">
      <Filter>Source Files</Filter>
    </ClCompile>
    <ClCompile Include="MultiViewerWidget.cpp">
      <Filter>Source Files</Filter>
    </ClCompile>
    <ClCompile Include="TrackerManipulator.cpp">
      <Filter>Source Files</Filter>
    </ClCompile>
    <ClCompile Include="SkyBox.cpp">
      <Filter>Source Files</Filter>
    </ClCompile>
    <ClCompile Include="CommonFunctions.cpp">
      <Filter>Source Files</Filter>
    </ClCompile>
    <ClCompile Include="Grid.cpp">
      <Filter>Source Files</Filter>
    </ClCompile>
    <ClCompile Include="JoystickManipulator.cpp">
      <Filter>Source Files</Filter>
    </ClCompile>
    <ClCompile Include="DualScreenViewer.cpp">
      <Filter>Source Files</Filter>
    </ClCompile>
  </ItemGroup>
  <ItemGroup>
    <None Include="CommonFunctions.h">
      <Filter>Header Files</Filter>
    </None>
  </ItemGroup>
</Project>