<?xml version="1.0" encoding="utf-8"?>
<Project ToolsVersion="4.0" xmlns="http://schemas.microsoft.com/developer/msbuild/2003">
  <ItemGroup>
    <ClCompile Include="src\CommonFunctions.cpp">
      <Filter>Source Files</Filter>
    </ClCompile>
    <ClCompile Include="src\DualScreenViewer.cpp">
      <Filter>Source Files</Filter>
    </ClCompile>
    <ClCompile Include="src\JoystickManipulator.cpp">
      <Filter>Source Files</Filter>
    </ClCompile>
    <ClCompile Include="src\MultiViewerWidget.cpp">
      <Filter>Source Files</Filter>
    </ClCompile>
    <ClCompile Include="src\SkyBox.cpp">
      <Filter>Source Files</Filter>
    </ClCompile>
    <ClCompile Include="src\TrackerManipulator.cpp">
      <Filter>Source Files</Filter>
    </ClCompile>
    <ClCompile Include="src\ViewerWidget.cpp">
      <Filter>Source Files</Filter>
    </ClCompile>
    <ClCompile Include="src\Grid.cpp">
      <Filter>Source Files</Filter>
    </ClCompile>
  </ItemGroup>
  <ItemGroup>
    <ClInclude Include="include\VirtualScreenCallback.h">
      <Filter>Header Files</Filter>
    </ClInclude>
    <ClInclude Include="include\DisplayInfo.h">
      <Filter>Header Files</Filter>
    </ClInclude>
    <ClInclude Include="include\DualScreenViewer.h">
      <Filter>Header Files</Filter>
    </ClInclude>
    <ClInclude Include="include\Grid.h">
      <Filter>Header Files</Filter>
    </ClInclude>
    <ClInclude Include="include\HoloCameraView.h">
      <Filter>Header Files</Filter>
    </ClInclude>
    <ClInclude Include="include\HolographicTransform.h">
      <Filter>Header Files</Filter>
    </ClInclude>
    <ClInclude Include="include\JoystickManipulator.h">
      <Filter>Header Files</Filter>
    </ClInclude>
    <ClInclude Include="include\MatrixExtension.h">
      <Filter>Header Files</Filter>
    </ClInclude>
    <ClInclude Include="include\MultiViewerWidget.h">
      <Filter>Header Files</Filter>
    </ClInclude>
    <ClInclude Include="include\osgExtension.h">
      <Filter>Header Files</Filter>
    </ClInclude>
    <ClInclude Include="include\osgLib.h">
      <Filter>Header Files</Filter>
    </ClInclude>
    <ClInclude Include="include\OsgWidgetDriver.h">
      <Filter>Header Files</Filter>
    </ClInclude>
    <ClInclude Include="include\ScreenInfo.h">
      <Filter>Header Files</Filter>
    </ClInclude>
    <ClInclude Include="include\SelectModelHandler.h">
      <Filter>Header Files</Filter>
    </ClInclude>
    <ClInclude Include="include\SkyBox.h">
      <Filter>Header Files</Filter>
    </ClInclude>
    <ClInclude Include="include\TiltedScreen.h">
      <Filter>Header Files</Filter>
    </ClInclude>
    <ClInclude Include="include\TrackerManipulator.h">
      <Filter>Header Files</Filter>
    </ClInclude>
    <ClInclude Include="include\UpdateScreenCallback.h">
      <Filter>Header Files</Filter>
    </ClInclude>
    <ClInclude Include="include\ViewerWidget.h">
      <Filter>Header Files</Filter>
    </ClInclude>
  </ItemGroup>
  <ItemGroup>
    <Filter Include="Source Files">
      <UniqueIdentifier>{8355efb1-d98a-41a0-bf4d-927a2fa98ae3}</UniqueIdentifier>
    </Filter>
    <Filter Include="Header Files">
      <UniqueIdentifier>{f5ec1494-4159-4178-a12c-c46e8e75a85d}</UniqueIdentifier>
    </Filter>
  </ItemGroup>
  <ItemGroup>
    <None Include="include\CommonFunctions.h">
      <Filter>Header Files</Filter>
    </None>
  </ItemGroup>
</Project>